
Microsoft Visual Studio Solution File, Format Version 12.00
# Visual Studio Version 17
VisualStudioVersion = 17.14.36603.0 d17.14
MinimumVisualStudioVersion = 10.0.40219.1
Project("{FAE04EC0-301F-11D3-BF4B-00C04F79EFBC}") = "BSIT31A1-Mendoza-MarketPlace", "BSIT31A1-Mendoza-MarketPlace\BSIT31A1-Mendoza-MarketPlace.csproj", "{4BE13482-AA1A-41AD-88B9-BB1DC6CD5F9C}"
EndProject
Global
	GlobalSection(SolutionConfigurationPlatforms) = preSolution
		Debug|Any CPU = Debug|Any CPU
		Release|Any CPU = Release|Any CPU
	EndGlobalSection
	GlobalSection(ProjectConfigurationPlatforms) = postSolution
		{4BE13482-AA1A-41AD-88B9-BB1DC6CD5F9C}.Debug|Any CPU.ActiveCfg = Debug|Any CPU
		{4BE13482-AA1A-41AD-88B9-BB1DC6CD5F9C}.Debug|Any CPU.Build.0 = Debug|Any CPU
		{4BE13482-AA1A-41AD-88B9-BB1DC6CD5F9C}.Release|Any CPU.ActiveCfg = Release|Any CPU
		{4BE13482-AA1A-41AD-88B9-BB1DC6CD5F9C}.Release|Any CPU.Build.0 = Release|Any CPU
	EndGlobalSection
	GlobalSection(SolutionProperties) = preSolution
		HideSolutionNode = FALSE
	EndGlobalSection
	GlobalSection(ExtensibilityGlobals) = postSolution
		SolutionGuid = {7BAB272C-3863-46FC-8792-7E444C59CFCB}
	EndGlobalSection
EndGlobal
